{
  "name": "vue-fullStack-app",
  "lockfileVersion": 2,
  "requires": true,
  "packages": {
    "": {
      "dependencies": {
        "vue-router": "^4.1.5"
      }
    },
    "node_modules/@vue/devtools-api": {
      "version": "6.4.4",
      "resolved": "https://registry.npmjs.org/@vue/devtools-api/-/devtools-api-6.4.4.tgz",
      "integrity": "sha512-Ku31WzpOV/8cruFaXaEZKF81WkNnvCSlBY4eOGtz5WMSdJvX1v1WWlSMGZeqUwPtQ27ZZz7B62erEMq8JDjcXw=="
    },
    "node_modules/vue-router": {
      "version": "4.1.5",
      "resolved": "https://registry.npmjs.org/vue-router/-/vue-router-4.1.5.tgz",
      "integrity": "sha512-IsvoF5D2GQ/EGTs/Th4NQms9gd2NSqV+yylxIyp/OYp8xOwxmU8Kj/74E9DTSYAyH5LX7idVUngN3JSj1X4xcQ==",
      "dependencies": {
        "@vue/devtools-api": "^6.1.4"
      },
      "funding": {
        "url": "https://github.com/sponsors/posva"
      },
      "peerDependencies": {
        "vue": "^3.2.0"
      }
    }
  },
  "dependencies": {
    "@vue/devtools-api": {
      "version": "6.4.4",
      "resolved": "https://registry.npmjs.org/@vue/devtools-api/-/devtools-api-6.4.4.tgz",
      "integrity": "sha512-Ku31WzpOV/8cruFaXaEZKF81WkNnvCSlBY4eOGtz5WMSdJvX1v1WWlSMGZeqUwPtQ27ZZz7B62erEMq8JDjcXw=="
    },
    "vue-router": {
      "version": "4.1.5",
      "resolved": "https://registry.npmjs.org/vue-router/-/vue-router-4.1.5.tgz",
      "integrity": "sha512-IsvoF5D2GQ/EGTs/Th4NQms9gd2NSqV+yylxIyp/OYp8xOwxmU8Kj/74E9DTSYAyH5LX7idVUngN3JSj1X4xcQ==",
      "requires": {
        "@vue/devtools-api": "^6.1.4"
      }
    }
  }
}
